
Microsoft Visual Studio Solution File, Format Version 12.00
# Visual Studio Version 16
VisualStudioVersion = 16.0.30309.148
MinimumVisualStudioVersion = 10.0.40219.1
Project("{FAE04EC0-301F-11D3-BF4B-00C04F79EFBC}") = "Creed", "Creed\Creed.csproj", "{28D57343-DA4C-4E56-B2F3-E8CC538C037A}"
EndProject
Global
	GlobalSection(SolutionConfigurationPlatforms) = preSolution
		Debug|Any CPU = Debug|Any CPU
		Release|Any CPU = Release|Any CPU
	EndGlobalSection
	GlobalSection(ProjectConfigurationPlatforms) = postSolution
		{28D57343-DA4C-4E56-B2F3-E8CC538C037A}.Debug|Any CPU.ActiveCfg = Debug|Any CPU
		{28D57343-DA4C-4E56-B2F3-E8CC538C037A}.Debug|Any CPU.Build.0 = Debug|Any CPU
		{28D57343-DA4C-4E56-B2F3-E8CC538C037A}.Release|Any CPU.ActiveCfg = Release|Any CPU
		{28D57343-DA4C-4E56-B2F3-E8CC538C037A}.Release|Any CPU.Build.0 = Release|Any CPU
	EndGlobalSection
	GlobalSection(SolutionProperties) = preSolution
		HideSolutionNode = FALSE
	EndGlobalSection
	GlobalSection(ExtensibilityGlobals) = postSolution
		SolutionGuid = {0CA1BEDD-20ED-416C-9E94-6575A5F6FFAE}
	EndGlobalSection
EndGlobal
